
Microsoft Visual Studio Solution File, Format Version 12.00
# Visual Studio 2012
Project("{FAE04EC0-301F-11D3-BF4B-00C04F79EFBC}") = "MotifDiscovery", "MotifDiscovery\MotifDiscovery.csproj", "{D23400C7-A516-4FBA-9F9E-12114BCBB0D6}"
EndProject
Global
	GlobalSection(SolutionConfigurationPlatforms) = preSolution
		Debug|Any CPU = Debug|Any CPU
		Release|Any CPU = Release|Any CPU
	EndGlobalSection
	GlobalSection(ProjectConfigurationPlatforms) = postSolution
		{D23400C7-A516-4FBA-9F9E-12114BCBB0D6}.Debug|Any CPU.ActiveCfg = Debug|Any CPU
		{D23400C7-A516-4FBA-9F9E-12114BCBB0D6}.Debug|Any CPU.Build.0 = Debug|Any CPU
		{D23400C7-A516-4FBA-9F9E-12114BCBB0D6}.Release|Any CPU.ActiveCfg = Release|Any CPU
		{D23400C7-A516-4FBA-9F9E-12114BCBB0D6}.Release|Any CPU.Build.0 = Release|Any CPU
	EndGlobalSection
	GlobalSection(SolutionProperties) = preSolution
		HideSolutionNode = FALSE
	EndGlobalSection
EndGlobal
